
Microsoft Visual Studio Solution File, Format Version 12.00
# Visual Studio 15
VisualStudioVersion = 15.0.28010.2046
MinimumVisualStudioVersion = 10.0.40219.1
Project("{FAE04EC0-301F-11D3-BF4B-00C04F79EFBC}") = "MiniBarber.Web", "MiniBarber.Web\MiniBarber.Web.csproj", "{D5F09162-45CE-4BC5-B0BC-40BA491AF622}"
EndProject
Global
	GlobalSection(SolutionConfigurationPlatforms) = preSolution
		Debug|Any CPU = Debug|Any CPU
		Release|Any CPU = Release|Any CPU
	EndGlobalSection
	GlobalSection(ProjectConfigurationPlatforms) = postSolution
		{D5F09162-45CE-4BC5-B0BC-40BA491AF622}.Debug|Any CPU.ActiveCfg = Debug|Any CPU
		{D5F09162-45CE-4BC5-B0BC-40BA491AF622}.Debug|Any CPU.Build.0 = Debug|Any CPU
		{D5F09162-45CE-4BC5-B0BC-40BA491AF622}.Release|Any CPU.ActiveCfg = Release|Any CPU
		{D5F09162-45CE-4BC5-B0BC-40BA491AF622}.Release|Any CPU.Build.0 = Release|Any CPU
	EndGlobalSection
	GlobalSection(SolutionProperties) = preSolution
		HideSolutionNode = FALSE
	EndGlobalSection
	GlobalSection(ExtensibilityGlobals) = postSolution
		SolutionGuid = {AD420438-C30E-43E6-88ED-A64B09CCB049}
	EndGlobalSection
EndGlobal
