
Microsoft Visual Studio Solution File, Format Version 12.00
# Visual Studio 15
VisualStudioVersion = 15.0.28010.2046
MinimumVisualStudioVersion = 10.0.40219.1
Project("{FAE04EC0-301F-11D3-BF4B-00C04F79EFBC}") = "MiniBarber.AP", "MiniBarber.AP\MiniBarber.AP.csproj", "{68D9F7EE-DCE5-4B0E-A330-9FE5D8158788}"
EndProject
Global
	GlobalSection(SolutionConfigurationPlatforms) = preSolution
		Debug|Any CPU = Debug|Any CPU
		Release|Any CPU = Release|Any CPU
	EndGlobalSection
	GlobalSection(ProjectConfigurationPlatforms) = postSolution
		{68D9F7EE-DCE5-4B0E-A330-9FE5D8158788}.Debug|Any CPU.ActiveCfg = Debug|Any CPU
		{68D9F7EE-DCE5-4B0E-A330-9FE5D8158788}.Debug|Any CPU.Build.0 = Debug|Any CPU
		{68D9F7EE-DCE5-4B0E-A330-9FE5D8158788}.Release|Any CPU.ActiveCfg = Release|Any CPU
		{68D9F7EE-DCE5-4B0E-A330-9FE5D8158788}.Release|Any CPU.Build.0 = Release|Any CPU
	EndGlobalSection
	GlobalSection(SolutionProperties) = preSolution
		HideSolutionNode = FALSE
	EndGlobalSection
	GlobalSection(ExtensibilityGlobals) = postSolution
		SolutionGuid = {8F5D9304-BC25-45E2-A777-DF3E326DEDE4}
	EndGlobalSection
EndGlobal
