
Microsoft Visual Studio Solution File, Format Version 12.00
# Visual Studio 15
VisualStudioVersion = 15.0.28010.2046
MinimumVisualStudioVersion = 10.0.40219.1
Project("{FAE04EC0-301F-11D3-BF4B-00C04F79EFBC}") = "MiniBarber.AP", "MiniBarber.AP\MiniBarber.AP.csproj", "{68D9F7EE-DCE5-4B0E-A330-9FE5D8158788}"
EndProject
Project("{2150E333-8FDC-42A3-9474-1A3956D46DE8}") = "Models", "Models", "{0CC9F9D1-40EF-4183-B82D-A504C5EABB73}"
EndProject
Project("{FAE04EC0-301F-11D3-BF4B-00C04F79EFBC}") = "MiniBarber.Models", "..\MiniBarber.Models\MiniBarber.Models\MiniBarber.Models.csproj", "{B3BCC553-DEC3-4020-875F-891879AC4F15}"
EndProject
Project("{2150E333-8FDC-42A3-9474-1A3956D46DE8}") = "Logics", "Logics", "{B923626E-F6C2-4CDC-851A-53C7F581E1FC}"
EndProject
Project("{2150E333-8FDC-42A3-9474-1A3956D46DE8}") = "DataAccess", "DataAccess", "{1E88B387-85EE-4066-AD0A-4F5EABB83A68}"
EndProject
Project("{2150E333-8FDC-42A3-9474-1A3956D46DE8}") = "Interfaces", "Interfaces", "{569E9967-2346-4DA3-92A2-2E9086052973}"
EndProject
Project("{FAE04EC0-301F-11D3-BF4B-00C04F79EFBC}") = "MiniBarber.AP.Logics", "Logics\MiniBarber.AP.Logics\MiniBarber.AP.Logics.csproj", "{531176BA-A4D9-47B9-B72C-9CD12861B1FB}"
EndProject
Project("{FAE04EC0-301F-11D3-BF4B-00C04F79EFBC}") = "MiniBarber.AP.Interface", "Interfaces\MiniBarber.AP.Interface\MiniBarber.AP.Interface.csproj", "{45B23742-8B58-4E86-817A-A6CED865EAB2}"
EndProject
Project("{2150E333-8FDC-42A3-9474-1A3956D46DE8}") = "DB", "DB", "{FAD085C0-2991-4F90-8485-1882CD7B045B}"
EndProject
Project("{FAE04EC0-301F-11D3-BF4B-00C04F79EFBC}") = "MiniBarber.AP.DataAccess.DB", "DataAccess\DB\MiniBarber.AP.DataAccess.DB\MiniBarber.AP.DataAccess.DB.csproj", "{CEA743AA-8350-4660-AEA8-4523977EE533}"
EndProject
Project("{2150E333-8FDC-42A3-9474-1A3956D46DE8}") = "Utilties", "Utilties", "{A6CE37F7-0728-4D34-9200-34E06FD72014}"
EndProject
Project("{FAE04EC0-301F-11D3-BF4B-00C04F79EFBC}") = "MiniBarber.AP.Utilities.Log", "Utilties\MiniBarber.AP.Utilities.Log\MiniBarber.AP.Utilities.Log.csproj", "{A1955EE2-DAF3-4A7B-93CD-36418E735B54}"
EndProject
Global
	GlobalSection(SolutionConfigurationPlatforms) = preSolution
		Debug|Any CPU = Debug|Any CPU
		Release|Any CPU = Release|Any CPU
	EndGlobalSection
	GlobalSection(ProjectConfigurationPlatforms) = postSolution
		{68D9F7EE-DCE5-4B0E-A330-9FE5D8158788}.Debug|Any CPU.ActiveCfg = Debug|Any CPU
		{68D9F7EE-DCE5-4B0E-A330-9FE5D8158788}.Debug|Any CPU.Build.0 = Debug|Any CPU
		{68D9F7EE-DCE5-4B0E-A330-9FE5D8158788}.Release|Any CPU.ActiveCfg = Release|Any CPU
		{68D9F7EE-DCE5-4B0E-A330-9FE5D8158788}.Release|Any CPU.Build.0 = Release|Any CPU
		{B3BCC553-DEC3-4020-875F-891879AC4F15}.Debug|Any CPU.ActiveCfg = Debug|Any CPU
		{B3BCC553-DEC3-4020-875F-891879AC4F15}.Debug|Any CPU.Build.0 = Debug|Any CPU
		{B3BCC553-DEC3-4020-875F-891879AC4F15}.Release|Any CPU.ActiveCfg = Release|Any CPU
		{B3BCC553-DEC3-4020-875F-891879AC4F15}.Release|Any CPU.Build.0 = Release|Any CPU
		{531176BA-A4D9-47B9-B72C-9CD12861B1FB}.Debug|Any CPU.ActiveCfg = Debug|Any CPU
		{531176BA-A4D9-47B9-B72C-9CD12861B1FB}.Debug|Any CPU.Build.0 = Debug|Any CPU
		{531176BA-A4D9-47B9-B72C-9CD12861B1FB}.Release|Any CPU.ActiveCfg = Release|Any CPU
		{531176BA-A4D9-47B9-B72C-9CD12861B1FB}.Release|Any CPU.Build.0 = Release|Any CPU
		{45B23742-8B58-4E86-817A-A6CED865EAB2}.Debug|Any CPU.ActiveCfg = Debug|Any CPU
		{45B23742-8B58-4E86-817A-A6CED865EAB2}.Debug|Any CPU.Build.0 = Debug|Any CPU
		{45B23742-8B58-4E86-817A-A6CED865EAB2}.Release|Any CPU.ActiveCfg = Release|Any CPU
		{45B23742-8B58-4E86-817A-A6CED865EAB2}.Release|Any CPU.Build.0 = Release|Any CPU
		{CEA743AA-8350-4660-AEA8-4523977EE533}.Debug|Any CPU.ActiveCfg = Debug|Any CPU
		{CEA743AA-8350-4660-AEA8-4523977EE533}.Debug|Any CPU.Build.0 = Debug|Any CPU
		{CEA743AA-8350-4660-AEA8-4523977EE533}.Release|Any CPU.ActiveCfg = Release|Any CPU
		{CEA743AA-8350-4660-AEA8-4523977EE533}.Release|Any CPU.Build.0 = Release|Any CPU
		{A1955EE2-DAF3-4A7B-93CD-36418E735B54}.Debug|Any CPU.ActiveCfg = Debug|Any CPU
		{A1955EE2-DAF3-4A7B-93CD-36418E735B54}.Debug|Any CPU.Build.0 = Debug|Any CPU
		{A1955EE2-DAF3-4A7B-93CD-36418E735B54}.Release|Any CPU.ActiveCfg = Release|Any CPU
		{A1955EE2-DAF3-4A7B-93CD-36418E735B54}.Release|Any CPU.Build.0 = Release|Any CPU
	EndGlobalSection
	GlobalSection(SolutionProperties) = preSolution
		HideSolutionNode = FALSE
	EndGlobalSection
	GlobalSection(NestedProjects) = preSolution
		{B3BCC553-DEC3-4020-875F-891879AC4F15} = {0CC9F9D1-40EF-4183-B82D-A504C5EABB73}
		{531176BA-A4D9-47B9-B72C-9CD12861B1FB} = {B923626E-F6C2-4CDC-851A-53C7F581E1FC}
		{45B23742-8B58-4E86-817A-A6CED865EAB2} = {569E9967-2346-4DA3-92A2-2E9086052973}
		{FAD085C0-2991-4F90-8485-1882CD7B045B} = {1E88B387-85EE-4066-AD0A-4F5EABB83A68}
		{CEA743AA-8350-4660-AEA8-4523977EE533} = {FAD085C0-2991-4F90-8485-1882CD7B045B}
		{A1955EE2-DAF3-4A7B-93CD-36418E735B54} = {A6CE37F7-0728-4D34-9200-34E06FD72014}
	EndGlobalSection
	GlobalSection(ExtensibilityGlobals) = postSolution
		SolutionGuid = {8F5D9304-BC25-45E2-A777-DF3E326DEDE4}
	EndGlobalSection
EndGlobal
